
Microsoft Visual Studio Solution File, Format Version 12.00
# Visual Studio 15
VisualStudioVersion = 15.0.26124.0
MinimumVisualStudioVersion = 15.0.26124.0
Project("{2150E333-8FDC-42A3-9474-1A3956D46DE8}") = "src", "src", "{F16DE45E-22E7-48E2-AF29-BFCA4FAB4CEC}"
EndProject
Project("{FAE04EC0-301F-11D3-BF4B-00C04F79EFBC}") = "Cli", "src\Cli\Cli.csproj", "{B46043FC-2528-49C1-9677-2D20950B90B5}"
EndProject
Global
	GlobalSection(SolutionConfigurationPlatforms) = preSolution
		Debug|Any CPU = Debug|Any CPU
		Debug|x64 = Debug|x64
		Debug|x86 = Debug|x86
		Release|Any CPU = Release|Any CPU
		Release|x64 = Release|x64
		Release|x86 = Release|x86
	EndGlobalSection
	GlobalSection(SolutionProperties) = preSolution
		HideSolutionNode = FALSE
	EndGlobalSection
	GlobalSection(ProjectConfigurationPlatforms) = postSolution
		{B46043FC-2528-49C1-9677-2D20950B90B5}.Debug|Any CPU.ActiveCfg = Debug|Any CPU
		{B46043FC-2528-49C1-9677-2D20950B90B5}.Debug|Any CPU.Build.0 = Debug|Any CPU
		{B46043FC-2528-49C1-9677-2D20950B90B5}.Debug|x64.ActiveCfg = Debug|Any CPU
		{B46043FC-2528-49C1-9677-2D20950B90B5}.Debug|x64.Build.0 = Debug|Any CPU
		{B46043FC-2528-49C1-9677-2D20950B90B5}.Debug|x86.ActiveCfg = Debug|Any CPU
		{B46043FC-2528-49C1-9677-2D20950B90B5}.Debug|x86.Build.0 = Debug|Any CPU
		{B46043FC-2528-49C1-9677-2D20950B90B5}.Release|Any CPU.ActiveCfg = Release|Any CPU
		{B46043FC-2528-49C1-9677-2D20950B90B5}.Release|Any CPU.Build.0 = Release|Any CPU
		{B46043FC-2528-49C1-9677-2D20950B90B5}.Release|x64.ActiveCfg = Release|Any CPU
		{B46043FC-2528-49C1-9677-2D20950B90B5}.Release|x64.Build.0 = Release|Any CPU
		{B46043FC-2528-49C1-9677-2D20950B90B5}.Release|x86.ActiveCfg = Release|Any CPU
		{B46043FC-2528-49C1-9677-2D20950B90B5}.Release|x86.Build.0 = Release|Any CPU
	EndGlobalSection
	GlobalSection(NestedProjects) = preSolution
		{B46043FC-2528-49C1-9677-2D20950B90B5} = {F16DE45E-22E7-48E2-AF29-BFCA4FAB4CEC}
	EndGlobalSection
EndGlobal
