
Microsoft Visual Studio Solution File, Format Version 12.00
# Visual Studio Version 16
VisualStudioVersion = 16.0.28803.452
MinimumVisualStudioVersion = 15.0.26124.0
Project("{2150E333-8FDC-42A3-9474-1A3956D46DE8}") = "src", "src", "{F16DE45E-22E7-48E2-AF29-BFCA4FAB4CEC}"
EndProject
Project("{9A19103F-16F7-4668-BE54-9A1E7A4F7556}") = "Cli", "src\Cli\Cli.csproj", "{B46043FC-2528-49C1-9677-2D20950B90B5}"
EndProject
Project("{FAE04EC0-301F-11D3-BF4B-00C04F79EFBC}") = "Vcs.Git", "src\Vcs.Git\Vcs.Git.csproj", "{4A3BC99F-CBA6-4CEB-A902-DAFD2AB801DC}"
EndProject
Project("{FAE04EC0-301F-11D3-BF4B-00C04F79EFBC}") = "Core", "src\Core\Core.csproj", "{C38FAF33-E1D0-457C-9D5A-F8C69FBFB760}"
EndProject
Global
	GlobalSection(SolutionConfigurationPlatforms) = preSolution
		Debug|Any CPU = Debug|Any CPU
		Debug|x64 = Debug|x64
		Debug|x86 = Debug|x86
		Debug-Tool|Any CPU = Debug-Tool|Any CPU
		Debug-Tool|x64 = Debug-Tool|x64
		Debug-Tool|x86 = Debug-Tool|x86
		Release|Any CPU = Release|Any CPU
		Release|x64 = Release|x64
		Release|x86 = Release|x86
		Release-Tool|Any CPU = Release-Tool|Any CPU
		Release-Tool|x64 = Release-Tool|x64
		Release-Tool|x86 = Release-Tool|x86
	EndGlobalSection
	GlobalSection(ProjectConfigurationPlatforms) = postSolution
		{B46043FC-2528-49C1-9677-2D20950B90B5}.Debug|Any CPU.ActiveCfg = Debug|Any CPU
		{B46043FC-2528-49C1-9677-2D20950B90B5}.Debug|Any CPU.Build.0 = Debug|Any CPU
		{B46043FC-2528-49C1-9677-2D20950B90B5}.Debug|x64.ActiveCfg = Debug|Any CPU
		{B46043FC-2528-49C1-9677-2D20950B90B5}.Debug|x64.Build.0 = Debug|Any CPU
		{B46043FC-2528-49C1-9677-2D20950B90B5}.Debug|x86.ActiveCfg = Debug|Any CPU
		{B46043FC-2528-49C1-9677-2D20950B90B5}.Debug|x86.Build.0 = Debug|Any CPU
		{B46043FC-2528-49C1-9677-2D20950B90B5}.Debug-Tool|Any CPU.ActiveCfg = Debug|Any CPU
		{B46043FC-2528-49C1-9677-2D20950B90B5}.Debug-Tool|Any CPU.Build.0 = Debug|Any CPU
		{B46043FC-2528-49C1-9677-2D20950B90B5}.Debug-Tool|x64.ActiveCfg = Debug|Any CPU
		{B46043FC-2528-49C1-9677-2D20950B90B5}.Debug-Tool|x64.Build.0 = Debug|Any CPU
		{B46043FC-2528-49C1-9677-2D20950B90B5}.Debug-Tool|x86.ActiveCfg = Debug|Any CPU
		{B46043FC-2528-49C1-9677-2D20950B90B5}.Debug-Tool|x86.Build.0 = Debug|Any CPU
		{B46043FC-2528-49C1-9677-2D20950B90B5}.Release|Any CPU.ActiveCfg = Release|Any CPU
		{B46043FC-2528-49C1-9677-2D20950B90B5}.Release|Any CPU.Build.0 = Release|Any CPU
		{B46043FC-2528-49C1-9677-2D20950B90B5}.Release|x64.ActiveCfg = Release|Any CPU
		{B46043FC-2528-49C1-9677-2D20950B90B5}.Release|x64.Build.0 = Release|Any CPU
		{B46043FC-2528-49C1-9677-2D20950B90B5}.Release|x86.ActiveCfg = Release|Any CPU
		{B46043FC-2528-49C1-9677-2D20950B90B5}.Release|x86.Build.0 = Release|Any CPU
		{B46043FC-2528-49C1-9677-2D20950B90B5}.Release-Tool|Any CPU.ActiveCfg = Release|Any CPU
		{B46043FC-2528-49C1-9677-2D20950B90B5}.Release-Tool|Any CPU.Build.0 = Release|Any CPU
		{B46043FC-2528-49C1-9677-2D20950B90B5}.Release-Tool|x64.ActiveCfg = Release|Any CPU
		{B46043FC-2528-49C1-9677-2D20950B90B5}.Release-Tool|x64.Build.0 = Release|Any CPU
		{B46043FC-2528-49C1-9677-2D20950B90B5}.Release-Tool|x86.ActiveCfg = Release|Any CPU
		{B46043FC-2528-49C1-9677-2D20950B90B5}.Release-Tool|x86.Build.0 = Release|Any CPU
		{4A3BC99F-CBA6-4CEB-A902-DAFD2AB801DC}.Debug|Any CPU.ActiveCfg = Debug|Any CPU
		{4A3BC99F-CBA6-4CEB-A902-DAFD2AB801DC}.Debug|Any CPU.Build.0 = Debug|Any CPU
		{4A3BC99F-CBA6-4CEB-A902-DAFD2AB801DC}.Debug|x64.ActiveCfg = Debug|Any CPU
		{4A3BC99F-CBA6-4CEB-A902-DAFD2AB801DC}.Debug|x64.Build.0 = Debug|Any CPU
		{4A3BC99F-CBA6-4CEB-A902-DAFD2AB801DC}.Debug|x86.ActiveCfg = Debug|Any CPU
		{4A3BC99F-CBA6-4CEB-A902-DAFD2AB801DC}.Debug|x86.Build.0 = Debug|Any CPU
		{4A3BC99F-CBA6-4CEB-A902-DAFD2AB801DC}.Debug-Tool|Any CPU.ActiveCfg = Debug|Any CPU
		{4A3BC99F-CBA6-4CEB-A902-DAFD2AB801DC}.Debug-Tool|Any CPU.Build.0 = Debug|Any CPU
		{4A3BC99F-CBA6-4CEB-A902-DAFD2AB801DC}.Debug-Tool|x64.ActiveCfg = Debug|Any CPU
		{4A3BC99F-CBA6-4CEB-A902-DAFD2AB801DC}.Debug-Tool|x64.Build.0 = Debug|Any CPU
		{4A3BC99F-CBA6-4CEB-A902-DAFD2AB801DC}.Debug-Tool|x86.ActiveCfg = Debug|Any CPU
		{4A3BC99F-CBA6-4CEB-A902-DAFD2AB801DC}.Debug-Tool|x86.Build.0 = Debug|Any CPU
		{4A3BC99F-CBA6-4CEB-A902-DAFD2AB801DC}.Release|Any CPU.ActiveCfg = Release|Any CPU
		{4A3BC99F-CBA6-4CEB-A902-DAFD2AB801DC}.Release|Any CPU.Build.0 = Release|Any CPU
		{4A3BC99F-CBA6-4CEB-A902-DAFD2AB801DC}.Release|x64.ActiveCfg = Release|Any CPU
		{4A3BC99F-CBA6-4CEB-A902-DAFD2AB801DC}.Release|x64.Build.0 = Release|Any CPU
		{4A3BC99F-CBA6-4CEB-A902-DAFD2AB801DC}.Release|x86.ActiveCfg = Release|Any CPU
		{4A3BC99F-CBA6-4CEB-A902-DAFD2AB801DC}.Release|x86.Build.0 = Release|Any CPU
		{4A3BC99F-CBA6-4CEB-A902-DAFD2AB801DC}.Release-Tool|Any CPU.ActiveCfg = Debug|Any CPU
		{4A3BC99F-CBA6-4CEB-A902-DAFD2AB801DC}.Release-Tool|Any CPU.Build.0 = Debug|Any CPU
		{4A3BC99F-CBA6-4CEB-A902-DAFD2AB801DC}.Release-Tool|x64.ActiveCfg = Debug|Any CPU
		{4A3BC99F-CBA6-4CEB-A902-DAFD2AB801DC}.Release-Tool|x64.Build.0 = Debug|Any CPU
		{4A3BC99F-CBA6-4CEB-A902-DAFD2AB801DC}.Release-Tool|x86.ActiveCfg = Debug|Any CPU
		{4A3BC99F-CBA6-4CEB-A902-DAFD2AB801DC}.Release-Tool|x86.Build.0 = Debug|Any CPU
		{C38FAF33-E1D0-457C-9D5A-F8C69FBFB760}.Debug|Any CPU.ActiveCfg = Debug|Any CPU
		{C38FAF33-E1D0-457C-9D5A-F8C69FBFB760}.Debug|Any CPU.Build.0 = Debug|Any CPU
		{C38FAF33-E1D0-457C-9D5A-F8C69FBFB760}.Debug|x64.ActiveCfg = Debug|Any CPU
		{C38FAF33-E1D0-457C-9D5A-F8C69FBFB760}.Debug|x64.Build.0 = Debug|Any CPU
		{C38FAF33-E1D0-457C-9D5A-F8C69FBFB760}.Debug|x86.ActiveCfg = Debug|Any CPU
		{C38FAF33-E1D0-457C-9D5A-F8C69FBFB760}.Debug|x86.Build.0 = Debug|Any CPU
		{C38FAF33-E1D0-457C-9D5A-F8C69FBFB760}.Debug-Tool|Any CPU.ActiveCfg = Debug|Any CPU
		{C38FAF33-E1D0-457C-9D5A-F8C69FBFB760}.Debug-Tool|Any CPU.Build.0 = Debug|Any CPU
		{C38FAF33-E1D0-457C-9D5A-F8C69FBFB760}.Debug-Tool|x64.ActiveCfg = Debug|Any CPU
		{C38FAF33-E1D0-457C-9D5A-F8C69FBFB760}.Debug-Tool|x64.Build.0 = Debug|Any CPU
		{C38FAF33-E1D0-457C-9D5A-F8C69FBFB760}.Debug-Tool|x86.ActiveCfg = Debug|Any CPU
		{C38FAF33-E1D0-457C-9D5A-F8C69FBFB760}.Debug-Tool|x86.Build.0 = Debug|Any CPU
		{C38FAF33-E1D0-457C-9D5A-F8C69FBFB760}.Release|Any CPU.ActiveCfg = Release|Any CPU
		{C38FAF33-E1D0-457C-9D5A-F8C69FBFB760}.Release|Any CPU.Build.0 = Release|Any CPU
		{C38FAF33-E1D0-457C-9D5A-F8C69FBFB760}.Release|x64.ActiveCfg = Release|Any CPU
		{C38FAF33-E1D0-457C-9D5A-F8C69FBFB760}.Release|x64.Build.0 = Release|Any CPU
		{C38FAF33-E1D0-457C-9D5A-F8C69FBFB760}.Release|x86.ActiveCfg = Release|Any CPU
		{C38FAF33-E1D0-457C-9D5A-F8C69FBFB760}.Release|x86.Build.0 = Release|Any CPU
		{C38FAF33-E1D0-457C-9D5A-F8C69FBFB760}.Release-Tool|Any CPU.ActiveCfg = Debug|Any CPU
		{C38FAF33-E1D0-457C-9D5A-F8C69FBFB760}.Release-Tool|Any CPU.Build.0 = Debug|Any CPU
		{C38FAF33-E1D0-457C-9D5A-F8C69FBFB760}.Release-Tool|x64.ActiveCfg = Debug|Any CPU
		{C38FAF33-E1D0-457C-9D5A-F8C69FBFB760}.Release-Tool|x64.Build.0 = Debug|Any CPU
		{C38FAF33-E1D0-457C-9D5A-F8C69FBFB760}.Release-Tool|x86.ActiveCfg = Debug|Any CPU
		{C38FAF33-E1D0-457C-9D5A-F8C69FBFB760}.Release-Tool|x86.Build.0 = Debug|Any CPU
	EndGlobalSection
	GlobalSection(SolutionProperties) = preSolution
		HideSolutionNode = FALSE
	EndGlobalSection
	GlobalSection(NestedProjects) = preSolution
		{B46043FC-2528-49C1-9677-2D20950B90B5} = {F16DE45E-22E7-48E2-AF29-BFCA4FAB4CEC}
		{4A3BC99F-CBA6-4CEB-A902-DAFD2AB801DC} = {F16DE45E-22E7-48E2-AF29-BFCA4FAB4CEC}
		{C38FAF33-E1D0-457C-9D5A-F8C69FBFB760} = {F16DE45E-22E7-48E2-AF29-BFCA4FAB4CEC}
	EndGlobalSection
	GlobalSection(ExtensibilityGlobals) = postSolution
		SolutionGuid = {D69BB045-CA47-4516-88ED-34960D145E24}
	EndGlobalSection
EndGlobal
